
Microsoft Visual Studio Solution File, Format Version 12.00
# Visual Studio Version 16
VisualStudioVersion = 16.0.32228.343
MinimumVisualStudioVersion = 10.0.40219.1
Project("{FAE04EC0-301F-11D3-BF4B-00C04F79EFBC}") = "AdminManagement.Domain", "AdminManagement.Domain\AdminManagement.Domain.csproj", "{B8D5D078-AF6F-466D-B72E-FE12F8CA0EA5}"
EndProject
Project("{2150E333-8FDC-42A3-9474-1A3956D46DE8}") = "Src", "Src", "{3550F697-4E6A-44B9-8E39-A7179BA1F04D}"
EndProject
Project("{2150E333-8FDC-42A3-9474-1A3956D46DE8}") = "tests", "tests", "{919C00A5-85BB-4A88-882E-0343A83F3FA9}"
EndProject
Project("{FAE04EC0-301F-11D3-BF4B-00C04F79EFBC}") = "AdminManagement.Infrastructure", "AdminManagement.Infrastructure\AdminManagement.Infrastructure.csproj", "{CDB694A5-24E8-4CCF-B6B3-396211DF88CE}"
EndProject
Project("{FAE04EC0-301F-11D3-BF4B-00C04F79EFBC}") = "AdminManagement.API", "AdminManagement.API\AdminManagement.API.csproj", "{D488006C-A926-4EDB-8E5B-550D9E4261C6}"
EndProject
Global
	GlobalSection(SolutionConfigurationPlatforms) = preSolution
		Debug|Any CPU = Debug|Any CPU
		Release|Any CPU = Release|Any CPU
	EndGlobalSection
	GlobalSection(ProjectConfigurationPlatforms) = postSolution
		{B8D5D078-AF6F-466D-B72E-FE12F8CA0EA5}.Debug|Any CPU.ActiveCfg = Debug|Any CPU
		{B8D5D078-AF6F-466D-B72E-FE12F8CA0EA5}.Debug|Any CPU.Build.0 = Debug|Any CPU
		{B8D5D078-AF6F-466D-B72E-FE12F8CA0EA5}.Release|Any CPU.ActiveCfg = Release|Any CPU
		{B8D5D078-AF6F-466D-B72E-FE12F8CA0EA5}.Release|Any CPU.Build.0 = Release|Any CPU
		{CDB694A5-24E8-4CCF-B6B3-396211DF88CE}.Debug|Any CPU.ActiveCfg = Debug|Any CPU
		{CDB694A5-24E8-4CCF-B6B3-396211DF88CE}.Debug|Any CPU.Build.0 = Debug|Any CPU
		{CDB694A5-24E8-4CCF-B6B3-396211DF88CE}.Release|Any CPU.ActiveCfg = Release|Any CPU
		{CDB694A5-24E8-4CCF-B6B3-396211DF88CE}.Release|Any CPU.Build.0 = Release|Any CPU
		{D488006C-A926-4EDB-8E5B-550D9E4261C6}.Debug|Any CPU.ActiveCfg = Debug|Any CPU
		{D488006C-A926-4EDB-8E5B-550D9E4261C6}.Debug|Any CPU.Build.0 = Debug|Any CPU
		{D488006C-A926-4EDB-8E5B-550D9E4261C6}.Release|Any CPU.ActiveCfg = Release|Any CPU
		{D488006C-A926-4EDB-8E5B-550D9E4261C6}.Release|Any CPU.Build.0 = Release|Any CPU
	EndGlobalSection
	GlobalSection(SolutionProperties) = preSolution
		HideSolutionNode = FALSE
	EndGlobalSection
	GlobalSection(NestedProjects) = preSolution
		{B8D5D078-AF6F-466D-B72E-FE12F8CA0EA5} = {3550F697-4E6A-44B9-8E39-A7179BA1F04D}
		{CDB694A5-24E8-4CCF-B6B3-396211DF88CE} = {3550F697-4E6A-44B9-8E39-A7179BA1F04D}
		{D488006C-A926-4EDB-8E5B-550D9E4261C6} = {3550F697-4E6A-44B9-8E39-A7179BA1F04D}
	EndGlobalSection
	GlobalSection(ExtensibilityGlobals) = postSolution
		SolutionGuid = {2A36CD59-5EF2-4D0A-9D12-5D883E96C701}
	EndGlobalSection
EndGlobal
